
Microsoft Visual Studio Solution File, Format Version 12.00
# Visual Studio 14
VisualStudioVersion = 14.0.25123.0
MinimumVisualStudioVersion = 10.0.40219.1
Project("{FAE04EC0-301F-11D3-BF4B-00C04F79EFBC}") = "H5Interactive.Core", "H5Interactive.Core\H5Interactive.Core.csproj", "{03A58860-A8C0-423C-9A26-DC877C1DFBDD}"
EndProject
Project("{FAE04EC0-301F-11D3-BF4B-00C04F79EFBC}") = "H5Interactive.Droid", "H5Interactive.Droid\H5Interactive.Droid.csproj", "{F6B3D2E6-EE5D-4F98-8D12-248730553C7F}"
EndProject
Project("{FAE04EC0-301F-11D3-BF4B-00C04F79EFBC}") = "H5Interactive.Touch", "H5Interactive.Touch\H5Interactive.Touch.csproj", "{67CEB6F2-28F1-4C9C-B1C0-0A3FB8F1238F}"
EndProject
Project("{2150E333-8FDC-42A3-9474-1A3956D46DE8}") = "H5Interactive.Droid.Bindings", "H5Interactive.Droid.Bindings", "{97345CF6-4118-4A53-B6B4-2CE6A72A39C7}"
EndProject
Project("{FAE04EC0-301F-11D3-BF4B-00C04F79EFBC}") = "H5Interactive.Droid.Bindings.Umeng", "H5Interactive.Droid.Bindings.Umeng\H5Interactive.Droid.Bindings.Umeng.csproj", "{FFE92229-7346-4984-A906-93E4E3CA3641}"
EndProject
Global
	GlobalSection(SolutionConfigurationPlatforms) = preSolution
		Ad-Hoc|Any CPU = Ad-Hoc|Any CPU
		Ad-Hoc|iPhone = Ad-Hoc|iPhone
		Ad-Hoc|iPhoneSimulator = Ad-Hoc|iPhoneSimulator
		AppStore|Any CPU = AppStore|Any CPU
		AppStore|iPhone = AppStore|iPhone
		AppStore|iPhoneSimulator = AppStore|iPhoneSimulator
		Debug|Any CPU = Debug|Any CPU
		Debug|iPhone = Debug|iPhone
		Debug|iPhoneSimulator = Debug|iPhoneSimulator
		Release|Any CPU = Release|Any CPU
		Release|iPhone = Release|iPhone
		Release|iPhoneSimulator = Release|iPhoneSimulator
	EndGlobalSection
	GlobalSection(ProjectConfigurationPlatforms) = postSolution
		{03A58860-A8C0-423C-9A26-DC877C1DFBDD}.Ad-Hoc|Any CPU.ActiveCfg = Release|Any CPU
		{03A58860-A8C0-423C-9A26-DC877C1DFBDD}.Ad-Hoc|Any CPU.Build.0 = Release|Any CPU
		{03A58860-A8C0-423C-9A26-DC877C1DFBDD}.Ad-Hoc|iPhone.ActiveCfg = Release|Any CPU
		{03A58860-A8C0-423C-9A26-DC877C1DFBDD}.Ad-Hoc|iPhone.Build.0 = Release|Any CPU
		{03A58860-A8C0-423C-9A26-DC877C1DFBDD}.Ad-Hoc|iPhoneSimulator.ActiveCfg = Release|Any CPU
		{03A58860-A8C0-423C-9A26-DC877C1DFBDD}.Ad-Hoc|iPhoneSimulator.Build.0 = Release|Any CPU
		{03A58860-A8C0-423C-9A26-DC877C1DFBDD}.AppStore|Any CPU.ActiveCfg = Release|Any CPU
		{03A58860-A8C0-423C-9A26-DC877C1DFBDD}.AppStore|Any CPU.Build.0 = Release|Any CPU
		{03A58860-A8C0-423C-9A26-DC877C1DFBDD}.AppStore|iPhone.ActiveCfg = Release|Any CPU
		{03A58860-A8C0-423C-9A26-DC877C1DFBDD}.AppStore|iPhone.Build.0 = Release|Any CPU
		{03A58860-A8C0-423C-9A26-DC877C1DFBDD}.AppStore|iPhoneSimulator.ActiveCfg = Release|Any CPU
		{03A58860-A8C0-423C-9A26-DC877C1DFBDD}.AppStore|iPhoneSimulator.Build.0 = Release|Any CPU
		{03A58860-A8C0-423C-9A26-DC877C1DFBDD}.Debug|Any CPU.ActiveCfg = Debug|Any CPU
		{03A58860-A8C0-423C-9A26-DC877C1DFBDD}.Debug|Any CPU.Build.0 = Debug|Any CPU
		{03A58860-A8C0-423C-9A26-DC877C1DFBDD}.Debug|iPhone.ActiveCfg = Debug|Any CPU
		{03A58860-A8C0-423C-9A26-DC877C1DFBDD}.Debug|iPhone.Build.0 = Debug|Any CPU
		{03A58860-A8C0-423C-9A26-DC877C1DFBDD}.Debug|iPhoneSimulator.ActiveCfg = Debug|Any CPU
		{03A58860-A8C0-423C-9A26-DC877C1DFBDD}.Debug|iPhoneSimulator.Build.0 = Debug|Any CPU
		{03A58860-A8C0-423C-9A26-DC877C1DFBDD}.Release|Any CPU.ActiveCfg = Release|Any CPU
		{03A58860-A8C0-423C-9A26-DC877C1DFBDD}.Release|Any CPU.Build.0 = Release|Any CPU
		{03A58860-A8C0-423C-9A26-DC877C1DFBDD}.Release|iPhone.ActiveCfg = Release|Any CPU
		{03A58860-A8C0-423C-9A26-DC877C1DFBDD}.Release|iPhone.Build.0 = Release|Any CPU
		{03A58860-A8C0-423C-9A26-DC877C1DFBDD}.Release|iPhoneSimulator.ActiveCfg = Release|Any CPU
		{03A58860-A8C0-423C-9A26-DC877C1DFBDD}.Release|iPhoneSimulator.Build.0 = Release|Any CPU
		{F6B3D2E6-EE5D-4F98-8D12-248730553C7F}.Ad-Hoc|Any CPU.ActiveCfg = Release|Any CPU
		{F6B3D2E6-EE5D-4F98-8D12-248730553C7F}.Ad-Hoc|Any CPU.Build.0 = Release|Any CPU
		{F6B3D2E6-EE5D-4F98-8D12-248730553C7F}.Ad-Hoc|Any CPU.Deploy.0 = Release|Any CPU
		{F6B3D2E6-EE5D-4F98-8D12-248730553C7F}.Ad-Hoc|iPhone.ActiveCfg = Release|Any CPU
		{F6B3D2E6-EE5D-4F98-8D12-248730553C7F}.Ad-Hoc|iPhone.Build.0 = Release|Any CPU
		{F6B3D2E6-EE5D-4F98-8D12-248730553C7F}.Ad-Hoc|iPhone.Deploy.0 = Release|Any CPU
		{F6B3D2E6-EE5D-4F98-8D12-248730553C7F}.Ad-Hoc|iPhoneSimulator.ActiveCfg = Release|Any CPU
		{F6B3D2E6-EE5D-4F98-8D12-248730553C7F}.Ad-Hoc|iPhoneSimulator.Build.0 = Release|Any CPU
		{F6B3D2E6-EE5D-4F98-8D12-248730553C7F}.Ad-Hoc|iPhoneSimulator.Deploy.0 = Release|Any CPU
		{F6B3D2E6-EE5D-4F98-8D12-248730553C7F}.AppStore|Any CPU.ActiveCfg = Release|Any CPU
		{F6B3D2E6-EE5D-4F98-8D12-248730553C7F}.AppStore|Any CPU.Build.0 = Release|Any CPU
		{F6B3D2E6-EE5D-4F98-8D12-248730553C7F}.AppStore|Any CPU.Deploy.0 = Release|Any CPU
		{F6B3D2E6-EE5D-4F98-8D12-248730553C7F}.AppStore|iPhone.ActiveCfg = Release|Any CPU
		{F6B3D2E6-EE5D-4F98-8D12-248730553C7F}.AppStore|iPhone.Build.0 = Release|Any CPU
		{F6B3D2E6-EE5D-4F98-8D12-248730553C7F}.AppStore|iPhone.Deploy.0 = Release|Any CPU
		{F6B3D2E6-EE5D-4F98-8D12-248730553C7F}.AppStore|iPhoneSimulator.ActiveCfg = Release|Any CPU
		{F6B3D2E6-EE5D-4F98-8D12-248730553C7F}.AppStore|iPhoneSimulator.Build.0 = Release|Any CPU
		{F6B3D2E6-EE5D-4F98-8D12-248730553C7F}.AppStore|iPhoneSimulator.Deploy.0 = Release|Any CPU
		{F6B3D2E6-EE5D-4F98-8D12-248730553C7F}.Debug|Any CPU.ActiveCfg = Debug|Any CPU
		{F6B3D2E6-EE5D-4F98-8D12-248730553C7F}.Debug|Any CPU.Build.0 = Debug|Any CPU
		{F6B3D2E6-EE5D-4F98-8D12-248730553C7F}.Debug|Any CPU.Deploy.0 = Debug|Any CPU
		{F6B3D2E6-EE5D-4F98-8D12-248730553C7F}.Debug|iPhone.ActiveCfg = Debug|Any CPU
		{F6B3D2E6-EE5D-4F98-8D12-248730553C7F}.Debug|iPhone.Build.0 = Debug|Any CPU
		{F6B3D2E6-EE5D-4F98-8D12-248730553C7F}.Debug|iPhone.Deploy.0 = Debug|Any CPU
		{F6B3D2E6-EE5D-4F98-8D12-248730553C7F}.Debug|iPhoneSimulator.ActiveCfg = Debug|Any CPU
		{F6B3D2E6-EE5D-4F98-8D12-248730553C7F}.Debug|iPhoneSimulator.Build.0 = Debug|Any CPU
		{F6B3D2E6-EE5D-4F98-8D12-248730553C7F}.Debug|iPhoneSimulator.Deploy.0 = Debug|Any CPU
		{F6B3D2E6-EE5D-4F98-8D12-248730553C7F}.Release|Any CPU.ActiveCfg = Release|Any CPU
		{F6B3D2E6-EE5D-4F98-8D12-248730553C7F}.Release|Any CPU.Build.0 = Release|Any CPU
		{F6B3D2E6-EE5D-4F98-8D12-248730553C7F}.Release|Any CPU.Deploy.0 = Release|Any CPU
		{F6B3D2E6-EE5D-4F98-8D12-248730553C7F}.Release|iPhone.ActiveCfg = Release|Any CPU
		{F6B3D2E6-EE5D-4F98-8D12-248730553C7F}.Release|iPhone.Build.0 = Release|Any CPU
		{F6B3D2E6-EE5D-4F98-8D12-248730553C7F}.Release|iPhone.Deploy.0 = Release|Any CPU
		{F6B3D2E6-EE5D-4F98-8D12-248730553C7F}.Release|iPhoneSimulator.ActiveCfg = Release|Any CPU
		{F6B3D2E6-EE5D-4F98-8D12-248730553C7F}.Release|iPhoneSimulator.Build.0 = Release|Any CPU
		{F6B3D2E6-EE5D-4F98-8D12-248730553C7F}.Release|iPhoneSimulator.Deploy.0 = Release|Any CPU
		{67CEB6F2-28F1-4C9C-B1C0-0A3FB8F1238F}.Ad-Hoc|Any CPU.ActiveCfg = Ad-Hoc|iPhone
		{67CEB6F2-28F1-4C9C-B1C0-0A3FB8F1238F}.Ad-Hoc|iPhone.ActiveCfg = Ad-Hoc|iPhone
		{67CEB6F2-28F1-4C9C-B1C0-0A3FB8F1238F}.Ad-Hoc|iPhone.Build.0 = Ad-Hoc|iPhone
		{67CEB6F2-28F1-4C9C-B1C0-0A3FB8F1238F}.Ad-Hoc|iPhoneSimulator.ActiveCfg = Ad-Hoc|iPhoneSimulator
		{67CEB6F2-28F1-4C9C-B1C0-0A3FB8F1238F}.Ad-Hoc|iPhoneSimulator.Build.0 = Ad-Hoc|iPhoneSimulator
		{67CEB6F2-28F1-4C9C-B1C0-0A3FB8F1238F}.AppStore|Any CPU.ActiveCfg = AppStore|iPhone
		{67CEB6F2-28F1-4C9C-B1C0-0A3FB8F1238F}.AppStore|iPhone.ActiveCfg = AppStore|iPhone
		{67CEB6F2-28F1-4C9C-B1C0-0A3FB8F1238F}.AppStore|iPhone.Build.0 = AppStore|iPhone
		{67CEB6F2-28F1-4C9C-B1C0-0A3FB8F1238F}.AppStore|iPhoneSimulator.ActiveCfg = AppStore|iPhoneSimulator
		{67CEB6F2-28F1-4C9C-B1C0-0A3FB8F1238F}.AppStore|iPhoneSimulator.Build.0 = AppStore|iPhoneSimulator
		{67CEB6F2-28F1-4C9C-B1C0-0A3FB8F1238F}.Debug|Any CPU.ActiveCfg = Debug|iPhone
		{67CEB6F2-28F1-4C9C-B1C0-0A3FB8F1238F}.Debug|iPhone.ActiveCfg = Debug|iPhone
		{67CEB6F2-28F1-4C9C-B1C0-0A3FB8F1238F}.Debug|iPhone.Build.0 = Debug|iPhone
		{67CEB6F2-28F1-4C9C-B1C0-0A3FB8F1238F}.Debug|iPhoneSimulator.ActiveCfg = Debug|iPhoneSimulator
		{67CEB6F2-28F1-4C9C-B1C0-0A3FB8F1238F}.Debug|iPhoneSimulator.Build.0 = Debug|iPhoneSimulator
		{67CEB6F2-28F1-4C9C-B1C0-0A3FB8F1238F}.Release|Any CPU.ActiveCfg = Release|iPhone
		{67CEB6F2-28F1-4C9C-B1C0-0A3FB8F1238F}.Release|iPhone.ActiveCfg = Release|iPhone
		{67CEB6F2-28F1-4C9C-B1C0-0A3FB8F1238F}.Release|iPhone.Build.0 = Release|iPhone
		{67CEB6F2-28F1-4C9C-B1C0-0A3FB8F1238F}.Release|iPhoneSimulator.ActiveCfg = Release|iPhoneSimulator
		{67CEB6F2-28F1-4C9C-B1C0-0A3FB8F1238F}.Release|iPhoneSimulator.Build.0 = Release|iPhoneSimulator
		{FFE92229-7346-4984-A906-93E4E3CA3641}.Ad-Hoc|Any CPU.ActiveCfg = Release|Any CPU
		{FFE92229-7346-4984-A906-93E4E3CA3641}.Ad-Hoc|Any CPU.Build.0 = Release|Any CPU
		{FFE92229-7346-4984-A906-93E4E3CA3641}.Ad-Hoc|iPhone.ActiveCfg = Release|Any CPU
		{FFE92229-7346-4984-A906-93E4E3CA3641}.Ad-Hoc|iPhone.Build.0 = Release|Any CPU
		{FFE92229-7346-4984-A906-93E4E3CA3641}.Ad-Hoc|iPhoneSimulator.ActiveCfg = Release|Any CPU
		{FFE92229-7346-4984-A906-93E4E3CA3641}.Ad-Hoc|iPhoneSimulator.Build.0 = Release|Any CPU
		{FFE92229-7346-4984-A906-93E4E3CA3641}.AppStore|Any CPU.ActiveCfg = Release|Any CPU
		{FFE92229-7346-4984-A906-93E4E3CA3641}.AppStore|Any CPU.Build.0 = Release|Any CPU
		{FFE92229-7346-4984-A906-93E4E3CA3641}.AppStore|iPhone.ActiveCfg = Release|Any CPU
		{FFE92229-7346-4984-A906-93E4E3CA3641}.AppStore|iPhone.Build.0 = Release|Any CPU
		{FFE92229-7346-4984-A906-93E4E3CA3641}.AppStore|iPhoneSimulator.ActiveCfg = Release|Any CPU
		{FFE92229-7346-4984-A906-93E4E3CA3641}.AppStore|iPhoneSimulator.Build.0 = Release|Any CPU
		{FFE92229-7346-4984-A906-93E4E3CA3641}.Debug|Any CPU.ActiveCfg = Debug|Any CPU
		{FFE92229-7346-4984-A906-93E4E3CA3641}.Debug|Any CPU.Build.0 = Debug|Any CPU
		{FFE92229-7346-4984-A906-93E4E3CA3641}.Debug|iPhone.ActiveCfg = Debug|Any CPU
		{FFE92229-7346-4984-A906-93E4E3CA3641}.Debug|iPhone.Build.0 = Debug|Any CPU
		{FFE92229-7346-4984-A906-93E4E3CA3641}.Debug|iPhoneSimulator.ActiveCfg = Debug|Any CPU
		{FFE92229-7346-4984-A906-93E4E3CA3641}.Debug|iPhoneSimulator.Build.0 = Debug|Any CPU
		{FFE92229-7346-4984-A906-93E4E3CA3641}.Release|Any CPU.ActiveCfg = Release|Any CPU
		{FFE92229-7346-4984-A906-93E4E3CA3641}.Release|Any CPU.Build.0 = Release|Any CPU
		{FFE92229-7346-4984-A906-93E4E3CA3641}.Release|iPhone.ActiveCfg = Release|Any CPU
		{FFE92229-7346-4984-A906-93E4E3CA3641}.Release|iPhone.Build.0 = Release|Any CPU
		{FFE92229-7346-4984-A906-93E4E3CA3641}.Release|iPhoneSimulator.ActiveCfg = Release|Any CPU
		{FFE92229-7346-4984-A906-93E4E3CA3641}.Release|iPhoneSimulator.Build.0 = Release|Any CPU
	EndGlobalSection
	GlobalSection(SolutionProperties) = preSolution
		HideSolutionNode = FALSE
	EndGlobalSection
	GlobalSection(NestedProjects) = preSolution
		{FFE92229-7346-4984-A906-93E4E3CA3641} = {97345CF6-4118-4A53-B6B4-2CE6A72A39C7}
	EndGlobalSection
EndGlobal
